<?xml version="1.0" encoding="utf-8"?>
<Project ToolsVersion="4.0" xmlns="http://schemas.microsoft.com/developer/msbuild/2003">
  <ItemGroup>
    <ClCompile Include="src\ofApp.cpp">
      <Filter>src</Filter>
    </ClCompile>
    <ClCompile Include="src\main.cpp">
      <Filter>src</Filter>
    </ClCompile>
    <ClCompile Include="..\src\ofxReachability.cpp">
      <Filter>addons\ofxReachability\src</Filter>
    </ClCompile>
    <ClCompile Include="..\src\ofxReachabilityImpl.cpp">
      <Filter>addons\ofxReachability\src</Filter>
    </ClCompile>
    <ClCompile Include="..\src\ofxReachabilityImplPing.cpp">
      <Filter>addons\ofxReachability\src</Filter>
    </ClCompile>
    <ClCompile Include="..\src\win32\ofxReachabilityImplWin.cpp">
      <Filter>addons\ofxReachability\src\win32</Filter>
    </ClCompile>
  </ItemGroup>
  <ItemGroup>
    <Filter Include="src">
      <UniqueIdentifier>{d8376475-7454-4a24-b08a-aac121d3ad6f}</UniqueIdentifier>
    </Filter>
    <Filter Include="addons">
      <UniqueIdentifier>{71834F65-F3A9-211E-73B8-DC85}</UniqueIdentifier>
    </Filter>
    <Filter Include="addons\ofxReachability">
      <UniqueIdentifier>{ab585e55-6e79-4c7b-b356-cac86155dfac}</UniqueIdentifier>
    </Filter>
    <Filter Include="addons\ofxReachability\src">
      <UniqueIdentifier>{e3becc28-8a02-4f96-a834-131e59cff003}</UniqueIdentifier>
    </Filter>
    <Filter Include="addons\ofxReachability\src\win32">
      <UniqueIdentifier>{5f087e96-b7ef-4f3c-a1dd-3ba41fd0e3df}</UniqueIdentifier>
    </Filter>
  </ItemGroup>
  <ItemGroup>
    <ClInclude Include="src\ofApp.h">
      <Filter>src</Filter>
    </ClInclude>
    <ClInclude Include="..\src\ofxReachability.h">
      <Filter>addons\ofxReachability\src</Filter>
    </ClInclude>
    <ClInclude Include="..\src\ofxReachabilityImpl.h">
      <Filter>addons\ofxReachability\src</Filter>
    </ClInclude>
    <ClInclude Include="..\src\ofxReachabilityImplPing.h">
      <Filter>addons\ofxReachability\src</Filter>
    </ClInclude>
    <ClInclude Include="..\src\win32\ofxReachabilityImplWin.h">
      <Filter>addons\ofxReachability\src\win32</Filter>
    </ClInclude>
  </ItemGroup>
  <ItemGroup>
    <ResourceCompile Include="icon.rc" />
  </ItemGroup>
</Project>